
Microsoft Visual Studio Solution File, Format Version 12.00
# Visual Studio 14
VisualStudioVersion = 14.0.25420.1
MinimumVisualStudioVersion = 10.0.40219.1
Project("{2150E333-8FDC-42A3-9474-1A3956D46DE8}") = "src", "src", "{EEAD06FE-C04E-4D5F-A224-F89C828319BA}"
EndProject
Project("{2150E333-8FDC-42A3-9474-1A3956D46DE8}") = "Solution Items", "Solution Items", "{289D4C60-38CD-4FC1-8089-903B54D67537}"
	ProjectSection(SolutionItems) = preProject
		global.json = global.json
	EndProjectSection
EndProject
Project("{8BB2217D-0F2D-49D1-97BC-3654ED321F3B}") = "JuansList", "src\JuansList\JuansList.xproj", "{F2D3B015-4886-4E4B-8402-CB4DDE4D5198}"
EndProject
Global
	GlobalSection(SolutionConfigurationPlatforms) = preSolution
		Debug|Any CPU = Debug|Any CPU
		Release|Any CPU = Release|Any CPU
	EndGlobalSection
	GlobalSection(ProjectConfigurationPlatforms) = postSolution
		{F2D3B015-4886-4E4B-8402-CB4DDE4D5198}.Debug|Any CPU.ActiveCfg = Debug|Any CPU
		{F2D3B015-4886-4E4B-8402-CB4DDE4D5198}.Debug|Any CPU.Build.0 = Debug|Any CPU
		{F2D3B015-4886-4E4B-8402-CB4DDE4D5198}.Release|Any CPU.ActiveCfg = Release|Any CPU
		{F2D3B015-4886-4E4B-8402-CB4DDE4D5198}.Release|Any CPU.Build.0 = Release|Any CPU
	EndGlobalSection
	GlobalSection(SolutionProperties) = preSolution
		HideSolutionNode = FALSE
	EndGlobalSection
	GlobalSection(NestedProjects) = preSolution
		{F2D3B015-4886-4E4B-8402-CB4DDE4D5198} = {EEAD06FE-C04E-4D5F-A224-F89C828319BA}
	EndGlobalSection
EndGlobal
